
Microsoft Visual Studio Solution File, Format Version 12.00
# Visual Studio Version 16
VisualStudioVersion = 16.0.810.5
MinimumVisualStudioVersion = 10.0.40219.1
Project("{FAE04EC0-301F-11D3-BF4B-00C04F79EFBC}") = "Lab03-System.IO", "Lab03-System.IO\Lab03-System.IO.csproj", "{E89F788C-ECC8-4281-A9FC-EC286388EDB8}"
EndProject
Global
	GlobalSection(SolutionConfigurationPlatforms) = preSolution
		Debug|Any CPU = Debug|Any CPU
		Release|Any CPU = Release|Any CPU
	EndGlobalSection
	GlobalSection(ProjectConfigurationPlatforms) = postSolution
		{E89F788C-ECC8-4281-A9FC-EC286388EDB8}.Debug|Any CPU.ActiveCfg = Debug|Any CPU
		{E89F788C-ECC8-4281-A9FC-EC286388EDB8}.Debug|Any CPU.Build.0 = Debug|Any CPU
		{E89F788C-ECC8-4281-A9FC-EC286388EDB8}.Release|Any CPU.ActiveCfg = Release|Any CPU
		{E89F788C-ECC8-4281-A9FC-EC286388EDB8}.Release|Any CPU.Build.0 = Release|Any CPU
	EndGlobalSection
	GlobalSection(SolutionProperties) = preSolution
		HideSolutionNode = FALSE
	EndGlobalSection
	GlobalSection(ExtensibilityGlobals) = postSolution
		SolutionGuid = {ECED1A8C-3B97-41C1-991D-C246D5F4042D}
	EndGlobalSection
EndGlobal
